
Microsoft Visual Studio Solution File, Format Version 12.00
# Visual Studio Version 17
VisualStudioVersion = 17.3.32929.385
MinimumVisualStudioVersion = 10.0.40219.1
Project("{2150E333-8FDC-42A3-9474-1A3956D46DE8}") = "Frontend", "Frontend", "{CB3F2BA4-89A5-4750-A4EB-CC8B0054D9BE}"
EndProject
Project("{2150E333-8FDC-42A3-9474-1A3956D46DE8}") = "Services", "Services", "{BF56BB08-679B-4E05-8BD9-75C962A6772F}"
EndProject
Project("{9A19103F-16F7-4668-BE54-9A1E7A4F7556}") = "GruppKniv.Web", "GruppKniv.Web\GruppKniv.Web.csproj", "{3693D258-2D0B-4721-BAF4-0692EE1462BE}"
EndProject
Project("{9A19103F-16F7-4668-BE54-9A1E7A4F7556}") = "GruppKniv.Services.ProductsAPI", "GruppKniv.Services.ProductsAPI\GruppKniv.Services.ProductsAPI.csproj", "{87A96F2D-57A0-4F68-8C41-7EF16451E9EB}"
EndProject
Project("{9A19103F-16F7-4668-BE54-9A1E7A4F7556}") = "GruppKniv.Services.OrdersAPI", "GruppKniv.Services.OrdersAPI\GruppKniv.Services.OrdersAPI.csproj", "{1DF8D996-1451-4834-BE54-3F796BF78768}"
EndProject
Project("{9A19103F-16F7-4668-BE54-9A1E7A4F7556}") = "GruppKniv.Services.ShoppingCartsAPI", "GruppKniv.Services.ShoppingCartsAPI\GruppKniv.Services.ShoppingCartsAPI.csproj", "{A4024DD3-AF86-42BA-883E-68EDF9651231}"
EndProject
Project("{2150E333-8FDC-42A3-9474-1A3956D46DE8}") = "Tests", "Tests", "{06F5A546-F9BC-4435-8866-3A9DECD7BD46}"
EndProject
Project("{9A19103F-16F7-4668-BE54-9A1E7A4F7556}") = "Products.Tests", "Products.Tests\Products.Tests.csproj", "{38B2606A-778D-4562-AFCC-2857857682EF}"
EndProject
Project("{2150E333-8FDC-42A3-9474-1A3956D46DE8}") = "Gateway", "Gateway", "{929AFB3C-0684-48E6-816A-B9B7E38490FE}"
EndProject
Project("{9A19103F-16F7-4668-BE54-9A1E7A4F7556}") = "GruppKniv.Gateway", "GruppKniv.Gateway\GruppKniv.Gateway.csproj", "{253E265D-AF3A-41E9-B8D9-0FB45E833FE4}"
EndProject
Project("{9A19103F-16F7-4668-BE54-9A1E7A4F7556}") = "ShoppingCart.Tests", "ShoppingCart.Tests\ShoppingCart.Tests.csproj", "{E31C5A91-1B0A-43C9-AC31-594924F7DEF7}"
EndProject
Project("{9A19103F-16F7-4668-BE54-9A1E7A4F7556}") = "Order.Tests", "Order.Tests\Order.Tests.csproj", "{9C41205E-23E8-4781-8DCB-F665834E6259}"
EndProject
Project("{9A19103F-16F7-4668-BE54-9A1E7A4F7556}") = "GruppKniv.Services.IdentityAPI", "GruppKniv.Services.Identity\GruppKniv.Services.IdentityAPI.csproj", "{C9CD936C-2BDE-469F-8D09-05D0C1023B01}"
EndProject
Global
	GlobalSection(SolutionConfigurationPlatforms) = preSolution
		Debug|Any CPU = Debug|Any CPU
		Release|Any CPU = Release|Any CPU
	EndGlobalSection
	GlobalSection(ProjectConfigurationPlatforms) = postSolution
		{3693D258-2D0B-4721-BAF4-0692EE1462BE}.Debug|Any CPU.ActiveCfg = Debug|Any CPU
		{3693D258-2D0B-4721-BAF4-0692EE1462BE}.Debug|Any CPU.Build.0 = Debug|Any CPU
		{3693D258-2D0B-4721-BAF4-0692EE1462BE}.Release|Any CPU.ActiveCfg = Release|Any CPU
		{3693D258-2D0B-4721-BAF4-0692EE1462BE}.Release|Any CPU.Build.0 = Release|Any CPU
		{87A96F2D-57A0-4F68-8C41-7EF16451E9EB}.Debug|Any CPU.ActiveCfg = Debug|Any CPU
		{87A96F2D-57A0-4F68-8C41-7EF16451E9EB}.Debug|Any CPU.Build.0 = Debug|Any CPU
		{87A96F2D-57A0-4F68-8C41-7EF16451E9EB}.Release|Any CPU.ActiveCfg = Release|Any CPU
		{87A96F2D-57A0-4F68-8C41-7EF16451E9EB}.Release|Any CPU.Build.0 = Release|Any CPU
		{1DF8D996-1451-4834-BE54-3F796BF78768}.Debug|Any CPU.ActiveCfg = Debug|Any CPU
		{1DF8D996-1451-4834-BE54-3F796BF78768}.Debug|Any CPU.Build.0 = Debug|Any CPU
		{1DF8D996-1451-4834-BE54-3F796BF78768}.Release|Any CPU.ActiveCfg = Release|Any CPU
		{1DF8D996-1451-4834-BE54-3F796BF78768}.Release|Any CPU.Build.0 = Release|Any CPU
		{A4024DD3-AF86-42BA-883E-68EDF9651231}.Debug|Any CPU.ActiveCfg = Debug|Any CPU
		{A4024DD3-AF86-42BA-883E-68EDF9651231}.Debug|Any CPU.Build.0 = Debug|Any CPU
		{A4024DD3-AF86-42BA-883E-68EDF9651231}.Release|Any CPU.ActiveCfg = Release|Any CPU
		{A4024DD3-AF86-42BA-883E-68EDF9651231}.Release|Any CPU.Build.0 = Release|Any CPU
		{38B2606A-778D-4562-AFCC-2857857682EF}.Debug|Any CPU.ActiveCfg = Debug|Any CPU
		{38B2606A-778D-4562-AFCC-2857857682EF}.Debug|Any CPU.Build.0 = Debug|Any CPU
		{38B2606A-778D-4562-AFCC-2857857682EF}.Release|Any CPU.ActiveCfg = Release|Any CPU
		{38B2606A-778D-4562-AFCC-2857857682EF}.Release|Any CPU.Build.0 = Release|Any CPU
		{253E265D-AF3A-41E9-B8D9-0FB45E833FE4}.Debug|Any CPU.ActiveCfg = Debug|Any CPU
		{253E265D-AF3A-41E9-B8D9-0FB45E833FE4}.Debug|Any CPU.Build.0 = Debug|Any CPU
		{253E265D-AF3A-41E9-B8D9-0FB45E833FE4}.Release|Any CPU.ActiveCfg = Release|Any CPU
		{253E265D-AF3A-41E9-B8D9-0FB45E833FE4}.Release|Any CPU.Build.0 = Release|Any CPU
		{E31C5A91-1B0A-43C9-AC31-594924F7DEF7}.Debug|Any CPU.ActiveCfg = Debug|Any CPU
		{E31C5A91-1B0A-43C9-AC31-594924F7DEF7}.Debug|Any CPU.Build.0 = Debug|Any CPU
		{E31C5A91-1B0A-43C9-AC31-594924F7DEF7}.Release|Any CPU.ActiveCfg = Release|Any CPU
		{E31C5A91-1B0A-43C9-AC31-594924F7DEF7}.Release|Any CPU.Build.0 = Release|Any CPU
		{9C41205E-23E8-4781-8DCB-F665834E6259}.Debug|Any CPU.ActiveCfg = Debug|Any CPU
		{9C41205E-23E8-4781-8DCB-F665834E6259}.Debug|Any CPU.Build.0 = Debug|Any CPU
		{9C41205E-23E8-4781-8DCB-F665834E6259}.Release|Any CPU.ActiveCfg = Release|Any CPU
		{9C41205E-23E8-4781-8DCB-F665834E6259}.Release|Any CPU.Build.0 = Release|Any CPU
		{C9CD936C-2BDE-469F-8D09-05D0C1023B01}.Debug|Any CPU.ActiveCfg = Debug|Any CPU
		{C9CD936C-2BDE-469F-8D09-05D0C1023B01}.Debug|Any CPU.Build.0 = Debug|Any CPU
		{C9CD936C-2BDE-469F-8D09-05D0C1023B01}.Release|Any CPU.ActiveCfg = Release|Any CPU
		{C9CD936C-2BDE-469F-8D09-05D0C1023B01}.Release|Any CPU.Build.0 = Release|Any CPU
	EndGlobalSection
	GlobalSection(SolutionProperties) = preSolution
		HideSolutionNode = FALSE
	EndGlobalSection
	GlobalSection(NestedProjects) = preSolution
		{3693D258-2D0B-4721-BAF4-0692EE1462BE} = {CB3F2BA4-89A5-4750-A4EB-CC8B0054D9BE}
		{87A96F2D-57A0-4F68-8C41-7EF16451E9EB} = {BF56BB08-679B-4E05-8BD9-75C962A6772F}
		{1DF8D996-1451-4834-BE54-3F796BF78768} = {BF56BB08-679B-4E05-8BD9-75C962A6772F}
		{A4024DD3-AF86-42BA-883E-68EDF9651231} = {BF56BB08-679B-4E05-8BD9-75C962A6772F}
		{38B2606A-778D-4562-AFCC-2857857682EF} = {06F5A546-F9BC-4435-8866-3A9DECD7BD46}
		{253E265D-AF3A-41E9-B8D9-0FB45E833FE4} = {929AFB3C-0684-48E6-816A-B9B7E38490FE}
		{E31C5A91-1B0A-43C9-AC31-594924F7DEF7} = {06F5A546-F9BC-4435-8866-3A9DECD7BD46}
		{9C41205E-23E8-4781-8DCB-F665834E6259} = {06F5A546-F9BC-4435-8866-3A9DECD7BD46}
		{C9CD936C-2BDE-469F-8D09-05D0C1023B01} = {BF56BB08-679B-4E05-8BD9-75C962A6772F}
	EndGlobalSection
	GlobalSection(ExtensibilityGlobals) = postSolution
		SolutionGuid = {6855EFF2-40F2-4BF2-BB66-8EFA45466868}
	EndGlobalSection
EndGlobal
